
Microsoft Visual Studio Solution File, Format Version 12.00
# Visual Studio Version 17
VisualStudioVersion = 17.14.36301.6 d17.14
MinimumVisualStudioVersion = 10.0.40219.1
Project("{FAE04EC0-301F-11D3-BF4B-00C04F79EFBC}") = "Pasarela de pago", "Pasarela de pago\Pasarela de pago.csproj", "{262E0848-5C50-4ACD-837C-FADDDB64093B}"
EndProject
Global
	GlobalSection(SolutionConfigurationPlatforms) = preSolution
		Debug|Any CPU = Debug|Any CPU
		Release|Any CPU = Release|Any CPU
	EndGlobalSection
	GlobalSection(ProjectConfigurationPlatforms) = postSolution
		{262E0848-5C50-4ACD-837C-FADDDB64093B}.Debug|Any CPU.ActiveCfg = Debug|Any CPU
		{262E0848-5C50-4ACD-837C-FADDDB64093B}.Debug|Any CPU.Build.0 = Debug|Any CPU
		{262E0848-5C50-4ACD-837C-FADDDB64093B}.Release|Any CPU.ActiveCfg = Release|Any CPU
		{262E0848-5C50-4ACD-837C-FADDDB64093B}.Release|Any CPU.Build.0 = Release|Any CPU
	EndGlobalSection
	GlobalSection(SolutionProperties) = preSolution
		HideSolutionNode = FALSE
	EndGlobalSection
	GlobalSection(ExtensibilityGlobals) = postSolution
		SolutionGuid = {D11B9C72-A108-4832-8564-AB77ECBDDE07}
	EndGlobalSection
EndGlobal
